
Microsoft Visual Studio Solution File, Format Version 12.00
# Visual Studio Version 16
VisualStudioVersion = 16.0.31515.178
MinimumVisualStudioVersion = 10.0.40219.1
Project("{9A19103F-16F7-4668-BE54-9A1E7A4F7556}") = "Data", "ElectronicQueue\Data.csproj", "{88EE1EAA-4B0D-44FE-B214-4AB5108E466F}"
EndProject
Global
	GlobalSection(SolutionConfigurationPlatforms) = preSolution
		Debug|Any CPU = Debug|Any CPU
		Release|Any CPU = Release|Any CPU
	EndGlobalSection
	GlobalSection(ProjectConfigurationPlatforms) = postSolution
		{88EE1EAA-4B0D-44FE-B214-4AB5108E466F}.Debug|Any CPU.ActiveCfg = Debug|Any CPU
		{88EE1EAA-4B0D-44FE-B214-4AB5108E466F}.Debug|Any CPU.Build.0 = Debug|Any CPU
		{88EE1EAA-4B0D-44FE-B214-4AB5108E466F}.Release|Any CPU.ActiveCfg = Release|Any CPU
		{88EE1EAA-4B0D-44FE-B214-4AB5108E466F}.Release|Any CPU.Build.0 = Release|Any CPU
	EndGlobalSection
	GlobalSection(SolutionProperties) = preSolution
		HideSolutionNode = FALSE
	EndGlobalSection
	GlobalSection(ExtensibilityGlobals) = postSolution
		SolutionGuid = {810E8836-5062-44DB-92A5-926A7E83D4BA}
	EndGlobalSection
EndGlobal
