
Microsoft Visual Studio Solution File, Format Version 12.00
# Visual Studio Version 17
VisualStudioVersion = 17.0.32014.148
MinimumVisualStudioVersion = 10.0.40219.1
Project("{9A19103F-16F7-4668-BE54-9A1E7A4F7556}") = "Domain", "ElectronicQueue\Domain.csproj", "{88EE1EAA-4B0D-44FE-B214-4AB5108E466F}"
EndProject
Project("{9A19103F-16F7-4668-BE54-9A1E7A4F7556}") = "EQServer", "EQServer\EQServer.csproj", "{8B796CFE-D771-4375-BB35-2279477DA428}"
EndProject
Project("{9A19103F-16F7-4668-BE54-9A1E7A4F7556}") = "ClientTerminal", "ClientTerminal\ClientTerminal.csproj", "{AFCAC97F-50C6-409E-9044-14CF18B01479}"
EndProject
Project("{9A19103F-16F7-4668-BE54-9A1E7A4F7556}") = "RestEndpoint", "RestEndpointForClient\RestEndpoint.csproj", "{9FA1189E-86FD-4CF6-8D72-53FCF8C14284}"
EndProject
Project("{9A19103F-16F7-4668-BE54-9A1E7A4F7556}") = "AdminClient", "AdminClient\AdminClient.csproj", "{92BDB360-7084-444C-9CFF-C7AFE887A913}"
EndProject
Project("{2150E333-8FDC-42A3-9474-1A3956D46DE8}") = "ClientApp", "ClientApp", "{7A0DD2A1-1430-49BF-895D-8DC028A72DFD}"
EndProject
Project("{9A19103F-16F7-4668-BE54-9A1E7A4F7556}") = "Common", "Common\Common.csproj", "{53FA1EDB-4AF9-49DB-8CF7-E27CF6E1AC82}"
EndProject
Project("{9A19103F-16F7-4668-BE54-9A1E7A4F7556}") = "WorkerClient", "WorkerClient\WorkerClient.csproj", "{8A281CF4-641F-4D62-91DC-A81A5BD2CB85}"
EndProject
Project("{2150E333-8FDC-42A3-9474-1A3956D46DE8}") = "Core", "Core", "{8F845C71-149F-423D-85B2-44A84DC48E24}"
EndProject
Project("{2150E333-8FDC-42A3-9474-1A3956D46DE8}") = "Presentation", "Presentation", "{4463CA9D-0A51-424B-9E4D-1FDF817EF26C}"
EndProject
Project("{2150E333-8FDC-42A3-9474-1A3956D46DE8}") = "Infrastructure", "Infrastructure", "{4C0FA990-843D-4626-868C-EE8244061722}"
EndProject
Project("{9A19103F-16F7-4668-BE54-9A1E7A4F7556}") = "Persistence", "Persistence\Persistence.csproj", "{851B4292-89CC-4B19-87B2-C7F97F8F8F10}"
EndProject
Project("{9A19103F-16F7-4668-BE54-9A1E7A4F7556}") = "Application", "Application\Application.csproj", "{593BD32B-4CD9-4C3B-8048-951A379D93AB}"
EndProject
Project("{9A19103F-16F7-4668-BE54-9A1E7A4F7556}") = "ClientInfrastructure", "ClientInfrastructure\ClientInfrastructure.csproj", "{CBA65C85-21DF-4674-B704-D14A630BB564}"
EndProject
Project("{FAE04EC0-301F-11D3-BF4B-00C04F79EFBC}") = "InfoClient", "InfoClient\InfoClient.csproj", "{DF8B012D-0F56-44CE-927B-C184A1C2C41A}"
EndProject
Project("{FAE04EC0-301F-11D3-BF4B-00C04F79EFBC}") = "WebServer", "WebServer\WebServer.csproj", "{E6BBA845-8BEA-4E47-AF38-3EF01FF6BF59}"
EndProject
Global
	GlobalSection(SolutionConfigurationPlatforms) = preSolution
		Debug|Any CPU = Debug|Any CPU
		Release|Any CPU = Release|Any CPU
	EndGlobalSection
	GlobalSection(ProjectConfigurationPlatforms) = postSolution
		{88EE1EAA-4B0D-44FE-B214-4AB5108E466F}.Debug|Any CPU.ActiveCfg = Debug|Any CPU
		{88EE1EAA-4B0D-44FE-B214-4AB5108E466F}.Debug|Any CPU.Build.0 = Debug|Any CPU
		{88EE1EAA-4B0D-44FE-B214-4AB5108E466F}.Release|Any CPU.ActiveCfg = Release|Any CPU
		{88EE1EAA-4B0D-44FE-B214-4AB5108E466F}.Release|Any CPU.Build.0 = Release|Any CPU
		{8B796CFE-D771-4375-BB35-2279477DA428}.Debug|Any CPU.ActiveCfg = Debug|Any CPU
		{8B796CFE-D771-4375-BB35-2279477DA428}.Debug|Any CPU.Build.0 = Debug|Any CPU
		{8B796CFE-D771-4375-BB35-2279477DA428}.Release|Any CPU.ActiveCfg = Release|Any CPU
		{8B796CFE-D771-4375-BB35-2279477DA428}.Release|Any CPU.Build.0 = Release|Any CPU
		{8B796CFE-D771-4375-BB35-2279477DA428}.Debug|Any CPU.Deploy.0 = Debug|Any CPU
		{AFCAC97F-50C6-409E-9044-14CF18B01479}.Debug|Any CPU.ActiveCfg = Debug|Any CPU
		{AFCAC97F-50C6-409E-9044-14CF18B01479}.Debug|Any CPU.Build.0 = Debug|Any CPU
		{AFCAC97F-50C6-409E-9044-14CF18B01479}.Release|Any CPU.ActiveCfg = Release|Any CPU
		{AFCAC97F-50C6-409E-9044-14CF18B01479}.Release|Any CPU.Build.0 = Release|Any CPU
		{9FA1189E-86FD-4CF6-8D72-53FCF8C14284}.Debug|Any CPU.ActiveCfg = Debug|Any CPU
		{9FA1189E-86FD-4CF6-8D72-53FCF8C14284}.Debug|Any CPU.Build.0 = Debug|Any CPU
		{9FA1189E-86FD-4CF6-8D72-53FCF8C14284}.Release|Any CPU.ActiveCfg = Release|Any CPU
		{9FA1189E-86FD-4CF6-8D72-53FCF8C14284}.Release|Any CPU.Build.0 = Release|Any CPU
		{92BDB360-7084-444C-9CFF-C7AFE887A913}.Debug|Any CPU.ActiveCfg = Debug|Any CPU
		{92BDB360-7084-444C-9CFF-C7AFE887A913}.Debug|Any CPU.Build.0 = Debug|Any CPU
		{92BDB360-7084-444C-9CFF-C7AFE887A913}.Release|Any CPU.ActiveCfg = Release|Any CPU
		{92BDB360-7084-444C-9CFF-C7AFE887A913}.Release|Any CPU.Build.0 = Release|Any CPU
		{92BDB360-7084-444C-9CFF-C7AFE887A913}.Debug|Any CPU.Deploy.0 = Debug|Any CPU
		{53FA1EDB-4AF9-49DB-8CF7-E27CF6E1AC82}.Debug|Any CPU.ActiveCfg = Debug|Any CPU
		{53FA1EDB-4AF9-49DB-8CF7-E27CF6E1AC82}.Debug|Any CPU.Build.0 = Debug|Any CPU
		{53FA1EDB-4AF9-49DB-8CF7-E27CF6E1AC82}.Release|Any CPU.ActiveCfg = Release|Any CPU
		{53FA1EDB-4AF9-49DB-8CF7-E27CF6E1AC82}.Release|Any CPU.Build.0 = Release|Any CPU
		{8A281CF4-641F-4D62-91DC-A81A5BD2CB85}.Debug|Any CPU.ActiveCfg = Debug|Any CPU
		{8A281CF4-641F-4D62-91DC-A81A5BD2CB85}.Debug|Any CPU.Build.0 = Debug|Any CPU
		{8A281CF4-641F-4D62-91DC-A81A5BD2CB85}.Release|Any CPU.ActiveCfg = Release|Any CPU
		{8A281CF4-641F-4D62-91DC-A81A5BD2CB85}.Release|Any CPU.Build.0 = Release|Any CPU
		{851B4292-89CC-4B19-87B2-C7F97F8F8F10}.Debug|Any CPU.ActiveCfg = Debug|Any CPU
		{851B4292-89CC-4B19-87B2-C7F97F8F8F10}.Debug|Any CPU.Build.0 = Debug|Any CPU
		{851B4292-89CC-4B19-87B2-C7F97F8F8F10}.Release|Any CPU.ActiveCfg = Release|Any CPU
		{851B4292-89CC-4B19-87B2-C7F97F8F8F10}.Release|Any CPU.Build.0 = Release|Any CPU
		{593BD32B-4CD9-4C3B-8048-951A379D93AB}.Debug|Any CPU.ActiveCfg = Debug|Any CPU
		{593BD32B-4CD9-4C3B-8048-951A379D93AB}.Debug|Any CPU.Build.0 = Debug|Any CPU
		{593BD32B-4CD9-4C3B-8048-951A379D93AB}.Release|Any CPU.ActiveCfg = Release|Any CPU
		{593BD32B-4CD9-4C3B-8048-951A379D93AB}.Release|Any CPU.Build.0 = Release|Any CPU
		{CBA65C85-21DF-4674-B704-D14A630BB564}.Debug|Any CPU.ActiveCfg = Debug|Any CPU
		{CBA65C85-21DF-4674-B704-D14A630BB564}.Debug|Any CPU.Build.0 = Debug|Any CPU
		{CBA65C85-21DF-4674-B704-D14A630BB564}.Release|Any CPU.ActiveCfg = Release|Any CPU
		{CBA65C85-21DF-4674-B704-D14A630BB564}.Release|Any CPU.Build.0 = Release|Any CPU
		{DF8B012D-0F56-44CE-927B-C184A1C2C41A}.Debug|Any CPU.ActiveCfg = Debug|Any CPU
		{DF8B012D-0F56-44CE-927B-C184A1C2C41A}.Debug|Any CPU.Build.0 = Debug|Any CPU
		{DF8B012D-0F56-44CE-927B-C184A1C2C41A}.Release|Any CPU.ActiveCfg = Release|Any CPU
		{DF8B012D-0F56-44CE-927B-C184A1C2C41A}.Release|Any CPU.Build.0 = Release|Any CPU
		{E6BBA845-8BEA-4E47-AF38-3EF01FF6BF59}.Debug|Any CPU.ActiveCfg = Debug|Any CPU
		{E6BBA845-8BEA-4E47-AF38-3EF01FF6BF59}.Debug|Any CPU.Build.0 = Debug|Any CPU
		{E6BBA845-8BEA-4E47-AF38-3EF01FF6BF59}.Release|Any CPU.ActiveCfg = Release|Any CPU
		{E6BBA845-8BEA-4E47-AF38-3EF01FF6BF59}.Release|Any CPU.Build.0 = Release|Any CPU
		{E6BBA845-8BEA-4E47-AF38-3EF01FF6BF59}.Debug|Any CPU.Deploy.0 = Debug|Any CPU
	EndGlobalSection
	GlobalSection(SolutionProperties) = preSolution
		HideSolutionNode = FALSE
	EndGlobalSection
	GlobalSection(NestedProjects) = preSolution
		{88EE1EAA-4B0D-44FE-B214-4AB5108E466F} = {8F845C71-149F-423D-85B2-44A84DC48E24}
		{8B796CFE-D771-4375-BB35-2279477DA428} = {4463CA9D-0A51-424B-9E4D-1FDF817EF26C}
		{AFCAC97F-50C6-409E-9044-14CF18B01479} = {7A0DD2A1-1430-49BF-895D-8DC028A72DFD}
		{9FA1189E-86FD-4CF6-8D72-53FCF8C14284} = {4C0FA990-843D-4626-868C-EE8244061722}
		{92BDB360-7084-444C-9CFF-C7AFE887A913} = {7A0DD2A1-1430-49BF-895D-8DC028A72DFD}
		{7A0DD2A1-1430-49BF-895D-8DC028A72DFD} = {4463CA9D-0A51-424B-9E4D-1FDF817EF26C}
		{53FA1EDB-4AF9-49DB-8CF7-E27CF6E1AC82} = {8F845C71-149F-423D-85B2-44A84DC48E24}
		{8A281CF4-641F-4D62-91DC-A81A5BD2CB85} = {7A0DD2A1-1430-49BF-895D-8DC028A72DFD}
		{851B4292-89CC-4B19-87B2-C7F97F8F8F10} = {4C0FA990-843D-4626-868C-EE8244061722}
		{593BD32B-4CD9-4C3B-8048-951A379D93AB} = {8F845C71-149F-423D-85B2-44A84DC48E24}
		{CBA65C85-21DF-4674-B704-D14A630BB564} = {7A0DD2A1-1430-49BF-895D-8DC028A72DFD}
		{DF8B012D-0F56-44CE-927B-C184A1C2C41A} = {7A0DD2A1-1430-49BF-895D-8DC028A72DFD}
		{E6BBA845-8BEA-4E47-AF38-3EF01FF6BF59} = {4463CA9D-0A51-424B-9E4D-1FDF817EF26C}
	EndGlobalSection
	GlobalSection(ExtensibilityGlobals) = postSolution
		SolutionGuid = {810E8836-5062-44DB-92A5-926A7E83D4BA}
	EndGlobalSection
EndGlobal
